
Microsoft Visual Studio Solution File, Format Version 12.00
# Visual Studio Version 17
VisualStudioVersion = 17.0.32014.148
MinimumVisualStudioVersion = 10.0.40219.1
Project("{FAE04EC0-301F-11D3-BF4B-00C04F79EFBC}") = "ccrack", "ccrack\ccrack.csproj", "{71836FF3-8A2B-467B-A073-86FC2BFAF598}"
EndProject
Global
	GlobalSection(SolutionConfigurationPlatforms) = preSolution
		Debug|Any CPU = Debug|Any CPU
		Release|Any CPU = Release|Any CPU
	EndGlobalSection
	GlobalSection(ProjectConfigurationPlatforms) = postSolution
		{71836FF3-8A2B-467B-A073-86FC2BFAF598}.Debug|Any CPU.ActiveCfg = Debug|Any CPU
		{71836FF3-8A2B-467B-A073-86FC2BFAF598}.Debug|Any CPU.Build.0 = Debug|Any CPU
		{71836FF3-8A2B-467B-A073-86FC2BFAF598}.Release|Any CPU.ActiveCfg = Release|Any CPU
		{71836FF3-8A2B-467B-A073-86FC2BFAF598}.Release|Any CPU.Build.0 = Release|Any CPU
	EndGlobalSection
	GlobalSection(SolutionProperties) = preSolution
		HideSolutionNode = FALSE
	EndGlobalSection
	GlobalSection(ExtensibilityGlobals) = postSolution
		SolutionGuid = {81E86EA9-3F80-4B4D-B0B9-AF2BA7AAE312}
	EndGlobalSection
EndGlobal
